{
  "version": 4,
  "terraform_version": "0.15.1",
  "serial": 301,
  "lineage": "529653db-e859-1a31-78fd-3e8a8e18393e",
  "outputs": {
    "mongo_public_ip": {
      "value": "54.209.128.210",
      "type": "string"
    }
  },
  "resources": [
    {
      "mode": "managed",
      "type": "aws_autoscaling_group",
      "name": "custom-group-autoscaling",
      "provider": "provider[\"registry.terraform.io/hashicorp/aws\"]",
      "instances": [
        {
          "schema_version": 0,
          "attributes": {
            "arn": "arn:aws:autoscaling:us-east-1:593698965881:autoScalingGroup:2ff1dbe9-40fb-4510-a3d2-be99f27a7195:autoScalingGroupName/custom-group-autoscaling",
            "availability_zones": [
              "us-east-1b",
              "us-east-1c"
            ],
            "capacity_rebalance": false,
            "default_cooldown": 300,
            "desired_capacity": 1,
            "enabled_metrics": null,
            "force_delete": true,
            "force_delete_warm_pool": false,
            "health_check_grace_period": 100,
            "health_check_type": "EC2",
            "id": "custom-group-autoscaling",
            "initial_lifecycle_hook": [],
            "instance_refresh": [],
            "launch_configuration": "custom-launch-config",
            "launch_template": [],
            "load_balancers": [
              "custom-elb"
            ],
            "max_instance_lifetime": 0,
            "max_size": 2,
            "metrics_granularity": "1Minute",
            "min_elb_capacity": null,
            "min_size": 1,
            "mixed_instances_policy": [],
            "name": "custom-group-autoscaling",
            "name_prefix": "",
            "placement_group": "",
            "protect_from_scale_in": false,
            "service_linked_role_arn": "arn:aws:iam::593698965881:role/aws-service-role/autoscaling.amazonaws.com/AWSServiceRoleForAutoScaling",
            "suspended_processes": null,
            "tag": [
              {
                "key": "Name",
                "propagate_at_launch": true,
                "value": "ToDoAutoscaling"
              }
            ],
            "tags": null,
            "target_group_arns": null,
            "termination_policies": null,
            "timeouts": null,
            "vpc_zone_identifier": [
              "subnet-006255ae4d07ae14f",
              "subnet-0ea9cfa0d09214cc1"
            ],
            "wait_for_capacity_timeout": "10m",
            "wait_for_elb_capacity": null,
            "warm_pool": []
          },
          "sensitive_attributes": [],
          "private": "eyJlMmJmYjczMC1lY2FhLTExZTYtOGY4OC0zNDM2M2JjN2M0YzAiOnsiZGVsZXRlIjo2MDAwMDAwMDAwMDB9fQ==",
          "dependencies": [
            "aws_elb.custom-elb",
            "aws_iam_server_certificate.test_cert",
            "aws_instance.mongo",
            "aws_key_pair.deployer",
            "aws_launch_configuration.custom-launch-config",
            "aws_security_group.custom-elb-sg",
            "aws_security_group.custom-instance-sg",
            "aws_subnet.customvpc-public-1",
            "aws_subnet.customvpc-public-2"
          ]
        }
      ]
    },
    {
      "mode": "managed",
      "type": "aws_autoscaling_policy",
      "name": "custom-cpu-policy",
      "provider": "provider[\"registry.terraform.io/hashicorp/aws\"]",
      "instances": [
        {
          "schema_version": 0,
          "attributes": {
            "adjustment_type": "ChangeInCapacity",
            "arn": "arn:aws:autoscaling:us-east-1:593698965881:scalingPolicy:a96606cd-ab34-4543-baae-5d268e8388c2:autoScalingGroupName/custom-group-autoscaling:policyName/custom-cpu-policy",
            "autoscaling_group_name": "custom-group-autoscaling",
            "cooldown": 60,
            "estimated_instance_warmup": 0,
            "id": "custom-cpu-policy",
            "metric_aggregation_type": "",
            "min_adjustment_magnitude": null,
            "name": "custom-cpu-policy",
            "policy_type": "SimpleScaling",
            "predictive_scaling_configuration": [],
            "scaling_adjustment": 1,
            "step_adjustment": [],
            "target_tracking_configuration": []
          },
          "sensitive_attributes": [],
          "private": "bnVsbA==",
          "dependencies": [
            "aws_autoscaling_group.custom-group-autoscaling",
            "aws_elb.custom-elb",
            "aws_iam_server_certificate.test_cert",
            "aws_instance.mongo",
            "aws_key_pair.deployer",
            "aws_launch_configuration.custom-launch-config",
            "aws_security_group.custom-elb-sg",
            "aws_security_group.custom-instance-sg",
            "aws_subnet.customvpc-public-1",
            "aws_subnet.customvpc-public-2"
          ]
        }
      ]
    },
    {
      "mode": "managed",
      "type": "aws_cloudwatch_metric_alarm",
      "name": "custom-cpu-alarm",
      "provider": "provider[\"registry.terraform.io/hashicorp/aws\"]",
      "instances": [
        {
          "schema_version": 1,
          "attributes": {
            "actions_enabled": true,
            "alarm_actions": [
              "arn:aws:autoscaling:us-east-1:593698965881:scalingPolicy:a96606cd-ab34-4543-baae-5d268e8388c2:autoScalingGroupName/custom-group-autoscaling:policyName/custom-cpu-policy"
            ],
            "alarm_description": "alarm once cpu usage increses",
            "alarm_name": "custom-cpu-alarm",
            "arn": "arn:aws:cloudwatch:us-east-1:593698965881:alarm:custom-cpu-alarm",
            "comparison_operator": "GreaterThanOrEqualToThreshold",
            "datapoints_to_alarm": 0,
            "dimensions": {
              "AutoScalingGroupName": "custom-group-autoscaling"
            },
            "evaluate_low_sample_count_percentiles": "",
            "evaluation_periods": 2,
            "extended_statistic": "",
            "id": "custom-cpu-alarm",
            "insufficient_data_actions": null,
            "metric_name": "CPUUtilization",
            "metric_query": [],
            "namespace": "AWS/EC2",
            "ok_actions": null,
            "period": 120,
            "statistic": "Average",
            "tags": null,
            "tags_all": {},
            "threshold": 20,
            "threshold_metric_id": "",
            "treat_missing_data": "missing",
            "unit": ""
          },
          "sensitive_attributes": [],
          "private": "eyJzY2hlbWFfdmVyc2lvbiI6IjEifQ==",
          "dependencies": [
            "aws_autoscaling_group.custom-group-autoscaling",
            "aws_autoscaling_policy.custom-cpu-policy",
            "aws_elb.custom-elb",
            "aws_iam_server_certificate.test_cert",
            "aws_instance.mongo",
            "aws_key_pair.deployer",
            "aws_launch_configuration.custom-launch-config",
            "aws_security_group.custom-elb-sg",
            "aws_security_group.custom-instance-sg",
            "aws_subnet.customvpc-public-1",
            "aws_subnet.customvpc-public-2"
          ]
        }
      ]
    },
    {
      "mode": "managed",
      "type": "aws_elb",
      "name": "custom-elb",
      "provider": "provider[\"registry.terraform.io/hashicorp/aws\"]",
      "instances": [
        {
          "schema_version": 0,
          "attributes": {
            "access_logs": [],
            "arn": "arn:aws:elasticloadbalancing:us-east-1:593698965881:loadbalancer/custom-elb",
            "availability_zones": [
              "us-east-1b",
              "us-east-1c"
            ],
            "connection_draining": true,
            "connection_draining_timeout": 400,
            "cross_zone_load_balancing": true,
            "dns_name": "custom-elb-349970213.us-east-1.elb.amazonaws.com",
            "health_check": [
              {
                "healthy_threshold": 2,
                "interval": 30,
                "target": "HTTP:3000/",
                "timeout": 3,
                "unhealthy_threshold": 2
              }
            ],
            "id": "custom-elb",
            "idle_timeout": 60,
            "instances": [],
            "internal": false,
            "listener": [
              {
                "instance_port": 3000,
                "instance_protocol": "http",
                "lb_port": 443,
                "lb_protocol": "https",
                "ssl_certificate_id": "arn:aws:iam::593698965881:server-certificate/todo-certificate"
              }
            ],
            "name": "custom-elb",
            "name_prefix": null,
            "security_groups": [
              "sg-018bb2af575ddfabc"
            ],
            "source_security_group": "593698965881/custom-elb-sg",
            "source_security_group_id": "sg-018bb2af575ddfabc",
            "subnets": [
              "subnet-006255ae4d07ae14f",
              "subnet-0ea9cfa0d09214cc1"
            ],
            "tags": {
              "Name": "custom-elb"
            },
            "tags_all": {
              "Name": "custom-elb"
            },
            "zone_id": "Z35SXDOTRQ7X7K"
          },
          "sensitive_attributes": [],
          "private": "bnVsbA==",
          "dependencies": [
            "aws_iam_server_certificate.test_cert",
            "aws_security_group.custom-elb-sg",
            "aws_subnet.customvpc-public-1",
            "aws_subnet.customvpc-public-2"
          ]
        }
      ]
    },
    {
      "mode": "managed",
      "type": "aws_iam_server_certificate",
      "name": "test_cert",
      "provider": "provider[\"registry.terraform.io/hashicorp/aws\"]",
      "instances": [
        {
          "schema_version": 0,
          "attributes": {
            "arn": "arn:aws:iam::593698965881:server-certificate/todo-certificate",
            "certificate_body": "-----BEGIN CERTIFICATE-----\nMIIDSTCCAjECFH9OzzwsmnsAGqvcaUgYDC/D3QKqMA0GCSqGSIb3DQEBCwUAMGEx\nCzAJBgNVBAYTAmRlMQswCQYDVQQIDAJkZTELMAkGA1UEBwwCZGUxCzAJBgNVBAoM\nAmRlMQswCQYDVQQLDAJkZTELMAkGA1UEAwwCZGUxETAPBgkqhkiG9w0BCQEWAmRl\nMB4XDTIxMDgyNzEzMzAyOFoXDTIyMDgyNzEzMzAyOFowYTELMAkGA1UEBhMCZGUx\nCzAJBgNVBAgMAmRlMQswCQYDVQQHDAJkZTELMAkGA1UECgwCZGUxCzAJBgNVBAsM\nAmRlMQswCQYDVQQDDAJkZTERMA8GCSqGSIb3DQEJARYCZGUwggEiMA0GCSqGSIb3\nDQEBAQUAA4IBDwAwggEKAoIBAQDRCRsz1AYMXH9+fmmzHuFroXvCdKqpCRtMISQi\nW0pHA91o5/Z9dxAxBrmfeQWZyrDCHqUjRFTQdWwYWexJ0nMM3Sv+4j0KlvxPVFDz\nfiMN6M6ES5dE4OCpxltAcrbl6YxTBm2qQst+JhDJmtDMs1xo9yqZVCFAa94JMO22\nOIMB5aPTAF/Y2z/Hbb3kkMmDb+fzmZdghXd9twTgHJB/vLa9uw8feX8+3+uu1na4\njKFpOXMdvZhTCCIcUwG7PeLjCr8e85FmHPY/DZ88oUYqLqMnfnc5tpWYwmilhIfM\nHI2OiMno4TmVW47ATomRboiNI7QpYUtgold3EdVndArvSQA9AgMBAAEwDQYJKoZI\nhvcNAQELBQADggEBAMjUOaUROqnCqtS0bUEFAgHZrvc6Gr52CohSevv/7iYG8Oh4\niMmfFItEJXPN/LmHA+F1nnmjZOZgBpP9ssluyj9fdPjznQwwMzkA55/h1iEQZVag\nEsSrZAWmAGxmK8JpfDtRgaQn8eMmM+T1Hcdx55NKU6aMRsEFTlYeqQZbNRzI5eu1\n2susinw2AxHvLVAupwhlzdHbWpPKjXeerx4+JKzFUmL7hq9ZYQjI2xHLL61r2ZNU\nFMv7M5be2bn2ASm/n712wpsB82R7G0ljaLiO6OQVVCXg+LFKP2ayzjU/9BO/JYcd\noJGe8cQrG3QigaMDC15UoH8SSt73IgUCALoOFFQ=\n-----END CERTIFICATE-----",
            "certificate_chain": "",
            "expiration": "2022-08-27T13:30:28Z",
            "id": "ASCAYUOZXJF4Q4LFQBPL3",
            "name": "todo-certificate",
            "name_prefix": null,
            "path": "/",
            "private_key": "-----BEGIN RSA PRIVATE KEY-----\r\nMIIEowIBAAKCAQEA0QkbM9QGDFx/fn5psx7ha6F7wnSqqQkbTCEkIltKRwPdaOf2\r\nfXcQMQa5n3kFmcqwwh6lI0RU0HVsGFnsSdJzDN0r/uI9Cpb8T1RQ834jDejOhEuX\r\nRODgqcZbQHK25emMUwZtqkLLfiYQyZrQzLNcaPcqmVQhQGveCTDttjiDAeWj0wBf\r\n2Ns/x2295JDJg2/n85mXYIV3fbcE4ByQf7y2vbsPH3l/Pt/rrtZ2uIyhaTlzHb2Y\r\nUwgiHFMBuz3i4wq/HvORZhz2Pw2fPKFGKi6jJ353ObaVmMJopYSHzByNjojJ6OE5\r\nlVuOwE6JkW6IjSO0KWFLYKJXdxHVZ3QK70kAPQIDAQABAoIBAEiRwL/de7wO4LQp\r\nbsigj+GtzilUF2tXngJv/vtudfrxfIxO+2PTUeuzSf3zJd6eX38E5I+5yTgVi9Fo\r\nZn+6b/anUf7KzCZBBJcFzpS51bGegROsqndfGp/WHRfiu1xWGEE6mhfh2IOS84EK\r\nHjLykcJfDIruihyzVgIa2mvIcrLVRaZnjqYSU8wOlB9wWwL6dmB+WjQtxuBPnd5Q\r\nakRtFdyVIm1c5a2o23SAu41g1EqOsMlSsQMIwgiprX0VSDgodKhh2YvGGfgLw0m3\r\na2EI/ewSXcrRgQ0gxmiQ248VM7NRjKMqCjqWzxQftBdJzrStE7k695Z53RBUNowC\r\nKYbJtAECgYEA8Wr++R4l/u/5DcvvmSvBSJhUZy7zcYWKWb7kI21HNw1uWuxIEuDC\r\nCiOsav3U5CdIcajPegNIldHQY6hxEsOVoQVjL8Lb9lNpdVh7d9lsuLEZOSx6GWJt\r\nEAPvHtoblQRW3Vm2Eh+vN2TZfzXIe56bUrovunWIVLsOH/CvhzYsIFkCgYEA3alj\r\nGYYg+qYZ86EKY0DBx71VFyQolR0B1564JkQ+eXV8mj9xTJBcbaKcXPF8q9jFfcQa\r\neBTE5E8PJnVsnkitJGQz00MfcyjJTUuLGrt3CTC4qhmqh2OuD29GJrIV0qNXAqZR\r\nK15CBA+t1kBO2XX2Gm6rE2wqWnk1reZ3lIuHgoUCgYEA70+WAtJ87bNqGeAP2bFC\r\n/zhpaoNjNSQgWghdVDTuREdfHmhcpcIA91YXg1OtZqD+MhUZ3iRFHqaGwVNnCyew\r\nOpcBlIW/z/Utc/JLKinwmUCM9Vz+iA1GeXq83cNtVhGgHfng/yRDZ1DkPTLOUqSN\r\n6brAtz/s7bkjLkxDY3Ay27kCgYA01lm/Dc/yr4FkJ7EYM6l9eU49M+tQkBeOVFFF\r\nHeNehHjtM85IF+lQYQCwzweO1x9MeWBt21WLrqTH4BnCKUTMde48n7Vxd/l0KVvB\r\nRYp8cFa0hWW23DXzi+zG8JBvI2xsP0T993v5B9vCRJYHFC1T46l3+cKmylnXWCaN\r\nDC2DGQKBgAp3ljVYNM3o4/Ayng9577THf7r/7XFs9eEiyuCGXtbFrnK4SjpiWp2R\r\nBOKmjvVVUQXznsxPXLuWm1Qdmw8r4QoUtpVgT+/8n5lAcaIHHrMuuWNpUXraZvfW\r\nl9QJ8cH68XRgjb3B7XLcHf/meqCU0uT3IwsjXsytUu9ACkf9VnLy\r\n-----END RSA PRIVATE KEY-----",
            "tags": null,
            "tags_all": {},
            "upload_date": "2021-09-11T14:42:32Z"
          },
          "sensitive_attributes": [],
          "private": "bnVsbA=="
        }
      ]
    },
    {
      "mode": "managed",
      "type": "aws_instance",
      "name": "mongo",
      "provider": "provider[\"registry.terraform.io/hashicorp/aws\"]",
      "instances": [
        {
          "schema_version": 1,
          "attributes": {
            "ami": "ami-0c2b8ca1dad447f8a",
            "arn": "arn:aws:ec2:us-east-1:593698965881:instance/i-065de27c82eae4bf5",
            "associate_public_ip_address": true,
            "availability_zone": "us-east-1a",
            "capacity_reservation_specification": [
              {
                "capacity_reservation_preference": "open",
                "capacity_reservation_target": []
              }
            ],
            "cpu_core_count": 1,
            "cpu_threads_per_core": 1,
            "credit_specification": [
              {
                "cpu_credits": "standard"
              }
            ],
            "disable_api_termination": false,
            "ebs_block_device": [],
            "ebs_optimized": false,
            "enclave_options": [
              {
                "enabled": false
              }
            ],
            "ephemeral_block_device": [],
            "get_password_data": false,
            "hibernation": false,
            "host_id": null,
            "iam_instance_profile": "",
            "id": "i-065de27c82eae4bf5",
            "instance_initiated_shutdown_behavior": "stop",
            "instance_state": "running",
            "instance_type": "t2.micro",
            "ipv6_address_count": 0,
            "ipv6_addresses": [],
            "key_name": "deployer-key",
            "launch_template": [],
            "metadata_options": [
              {
                "http_endpoint": "enabled",
                "http_put_response_hop_limit": 1,
                "http_tokens": "optional"
              }
            ],
            "monitoring": false,
            "network_interface": [],
            "outpost_arn": "",
            "password_data": "",
            "placement_group": "",
            "primary_network_interface_id": "eni-0afc3c040be893a4d",
            "private_dns": "ip-172-31-90-80.ec2.internal",
            "private_ip": "172.31.90.80",
            "public_dns": "ec2-54-209-128-210.compute-1.amazonaws.com",
            "public_ip": "54.209.128.210",
            "root_block_device": [
              {
                "delete_on_termination": true,
                "device_name": "/dev/xvda",
                "encrypted": false,
                "iops": 100,
                "kms_key_id": "",
                "tags": {},
                "throughput": 0,
                "volume_id": "vol-035d793cdd0293c5e",
                "volume_size": 8,
                "volume_type": "gp2"
              }
            ],
            "secondary_private_ips": [],
            "security_groups": [
              "default"
            ],
            "source_dest_check": true,
            "subnet_id": "subnet-ba14529b",
            "tags": {
              "Name": "MogoDB"
            },
            "tags_all": {
              "Name": "MogoDB"
            },
            "tenancy": "default",
            "timeouts": null,
            "user_data": "cf067f7d691a688e97f4a1128c91f33f98b5c003",
            "user_data_base64": null,
            "volume_tags": null,
            "vpc_security_group_ids": [
              "sg-cd9a44ca"
            ]
          },
          "sensitive_attributes": [],
          "private": "eyJlMmJmYjczMC1lY2FhLTExZTYtOGY4OC0zNDM2M2JjN2M0YzAiOnsiY3JlYXRlIjo2MDAwMDAwMDAwMDAsImRlbGV0ZSI6MTIwMDAwMDAwMDAwMCwidXBkYXRlIjo2MDAwMDAwMDAwMDB9LCJzY2hlbWFfdmVyc2lvbiI6IjEifQ==",
          "dependencies": [
            "aws_key_pair.deployer"
          ],
          "create_before_destroy": true
        }
      ]
    },
    {
      "mode": "managed",
      "type": "aws_internet_gateway",
      "name": "customvpc-ig",
      "provider": "provider[\"registry.terraform.io/hashicorp/aws\"]",
      "instances": [
        {
          "schema_version": 0,
          "attributes": {
            "arn": "arn:aws:ec2:us-east-1:593698965881:internet-gateway/igw-087f9ba23a706c275",
            "id": "igw-087f9ba23a706c275",
            "owner_id": "593698965881",
            "tags": {
              "Name": "customvpc-ig"
            },
            "tags_all": {
              "Name": "customvpc-ig"
            },
            "vpc_id": "vpc-0181e8f13ba5ac74f"
          },
          "sensitive_attributes": [],
          "private": "bnVsbA==",
          "dependencies": [
            "aws_vpc.custom-vpc"
          ]
        }
      ]
    },
    {
      "mode": "managed",
      "type": "aws_key_pair",
      "name": "deployer",
      "provider": "provider[\"registry.terraform.io/hashicorp/aws\"]",
      "instances": [
        {
          "schema_version": 1,
          "attributes": {
            "arn": "arn:aws:ec2:us-east-1:593698965881:key-pair/deployer-key",
            "fingerprint": "86:98:97:e9:e2:bc:ba:23:f4:72:e5:7d:3e:28:c8:9b",
            "id": "deployer-key",
            "key_name": "deployer-key",
            "key_name_prefix": null,
            "key_pair_id": "key-0afadc323de0e73db",
            "public_key": "ssh-rsa AAAAB3NzaC1yc2EAAAADAQABAAABAQC34wEs0VITQvGRysbtzS1bDm65qIcJmhHWWvsdIvMHYAvaII6QMA5Nisbp+1pOm66XiQN516cTTfqZhlAcJnNLc2FgiUlzhv7gh28+QNYspyOjQb48F3CXs5jqAi3v+/m+f1rUnGFF6wufV3k+Rb58uF/Srwzb1XuzzQp2MEgnfX/6S7t1afIpVVBACEjndYbWViwNiFSmAT/eMsBBbT0eGJx+ZDMZFWEUkW0zzZbnXWaOmUaKgfcZL714z64v6fjcja8tnIrOJJU1PIY56COzIA2pEIqrWOPwbRlg0gv8E9+WHoFlyV+d11QzwVB+ds2/s4JbUzkgas4rhrqEpcdN can@DESKTOP-I4736MD",
            "tags": {},
            "tags_all": {}
          },
          "sensitive_attributes": [],
          "private": "eyJzY2hlbWFfdmVyc2lvbiI6IjEifQ==",
          "create_before_destroy": true
        }
      ]
    },
    {
      "mode": "managed",
      "type": "aws_launch_configuration",
      "name": "custom-launch-config",
      "provider": "provider[\"registry.terraform.io/hashicorp/aws\"]",
      "instances": [
        {
          "schema_version": 0,
          "attributes": {
            "arn": "arn:aws:autoscaling:us-east-1:593698965881:launchConfiguration:ae7aa6ae-fb9c-4268-8008-21901c2be758:launchConfigurationName/custom-launch-config",
            "associate_public_ip_address": false,
            "ebs_block_device": [],
            "ebs_optimized": false,
            "enable_monitoring": true,
            "ephemeral_block_device": [],
            "iam_instance_profile": "",
            "id": "custom-launch-config",
            "image_id": "ami-0c2b8ca1dad447f8a",
            "instance_type": "t2.micro",
            "key_name": "deployer-key",
            "metadata_options": [],
            "name": "custom-launch-config",
            "name_prefix": "",
            "placement_tenancy": null,
            "root_block_device": [],
            "security_groups": [
              "sg-04b8fe5d76b2c5f38"
            ],
            "spot_price": "",
            "user_data": "36e5fdfb53e24228c35d238a43614fcbafd52fe6",
            "user_data_base64": null,
            "vpc_classic_link_id": "",
            "vpc_classic_link_security_groups": null
          },
          "sensitive_attributes": [],
          "private": "bnVsbA==",
          "dependencies": [
            "aws_instance.mongo",
            "aws_key_pair.deployer",
            "aws_security_group.custom-instance-sg"
          ],
          "create_before_destroy": true
        }
      ]
    },
    {
      "mode": "managed",
      "type": "aws_route_table",
      "name": "customvpc-r",
      "provider": "provider[\"registry.terraform.io/hashicorp/aws\"]",
      "instances": [
        {
          "schema_version": 0,
          "attributes": {
            "arn": "arn:aws:ec2:us-east-1:593698965881:route-table/rtb-03acaae65c96a7d98",
            "id": "rtb-03acaae65c96a7d98",
            "owner_id": "593698965881",
            "propagating_vgws": [],
            "route": [
              {
                "carrier_gateway_id": "",
                "cidr_block": "0.0.0.0/0",
                "destination_prefix_list_id": "",
                "egress_only_gateway_id": "",
                "gateway_id": "igw-087f9ba23a706c275",
                "instance_id": "",
                "ipv6_cidr_block": "",
                "local_gateway_id": "",
                "nat_gateway_id": "",
                "network_interface_id": "",
                "transit_gateway_id": "",
                "vpc_endpoint_id": "",
                "vpc_peering_connection_id": ""
              }
            ],
            "tags": {
              "Name": "customvpc-r"
            },
            "tags_all": {
              "Name": "customvpc-r"
            },
            "vpc_id": "vpc-0181e8f13ba5ac74f"
          },
          "sensitive_attributes": [],
          "private": "bnVsbA==",
          "dependencies": [
            "aws_internet_gateway.customvpc-ig",
            "aws_vpc.custom-vpc"
          ]
        }
      ]
    },
    {
      "mode": "managed",
      "type": "aws_route_table_association",
      "name": "customvpc-public-1-a",
      "provider": "provider[\"registry.terraform.io/hashicorp/aws\"]",
      "instances": [
        {
          "schema_version": 0,
          "attributes": {
            "gateway_id": "",
            "id": "rtbassoc-037ae03756a3cf304",
            "route_table_id": "rtb-03acaae65c96a7d98",
            "subnet_id": "subnet-006255ae4d07ae14f"
          },
          "sensitive_attributes": [],
          "private": "bnVsbA==",
          "dependencies": [
            "aws_route_table.customvpc-r",
            "aws_subnet.customvpc-public-1",
            "aws_vpc.custom-vpc",
            "aws_internet_gateway.customvpc-ig"
          ]
        }
      ]
    },
    {
      "mode": "managed",
      "type": "aws_route_table_association",
      "name": "customvpc-public-2-a",
      "provider": "provider[\"registry.terraform.io/hashicorp/aws\"]",
      "instances": [
        {
          "schema_version": 0,
          "attributes": {
            "gateway_id": "",
            "id": "rtbassoc-0a0de37e41c6fbea7",
            "route_table_id": "rtb-03acaae65c96a7d98",
            "subnet_id": "subnet-0ea9cfa0d09214cc1"
          },
          "sensitive_attributes": [],
          "private": "bnVsbA==",
          "dependencies": [
            "aws_internet_gateway.customvpc-ig",
            "aws_route_table.customvpc-r",
            "aws_subnet.customvpc-public-2",
            "aws_vpc.custom-vpc"
          ]
        }
      ]
    },
    {
      "mode": "managed",
      "type": "aws_security_group",
      "name": "custom-elb-sg",
      "provider": "provider[\"registry.terraform.io/hashicorp/aws\"]",
      "instances": [
        {
          "schema_version": 1,
          "attributes": {
            "arn": "arn:aws:ec2:us-east-1:593698965881:security-group/sg-018bb2af575ddfabc",
            "description": "security group for ELB",
            "egress": [
              {
                "cidr_blocks": [
                  "0.0.0.0/0"
                ],
                "description": "",
                "from_port": 0,
                "ipv6_cidr_blocks": [],
                "prefix_list_ids": [],
                "protocol": "-1",
                "security_groups": [],
                "self": false,
                "to_port": 0
              }
            ],
            "id": "sg-018bb2af575ddfabc",
            "ingress": [
              {
                "cidr_blocks": [
                  "0.0.0.0/0"
                ],
                "description": "ssh from VPC",
                "from_port": 443,
                "ipv6_cidr_blocks": [],
                "prefix_list_ids": [],
                "protocol": "tcp",
                "security_groups": [],
                "self": false,
                "to_port": 443
              }
            ],
            "name": "custom-elb-sg",
            "name_prefix": "",
            "owner_id": "593698965881",
            "revoke_rules_on_delete": false,
            "tags": {
              "Name": "custom-elb-sg"
            },
            "tags_all": {
              "Name": "custom-elb-sg"
            },
            "timeouts": null,
            "vpc_id": "vpc-0181e8f13ba5ac74f"
          },
          "sensitive_attributes": [],
          "private": "eyJlMmJmYjczMC1lY2FhLTExZTYtOGY4OC0zNDM2M2JjN2M0YzAiOnsiY3JlYXRlIjo2MDAwMDAwMDAwMDAsImRlbGV0ZSI6OTAwMDAwMDAwMDAwfSwic2NoZW1hX3ZlcnNpb24iOiIxIn0=",
          "dependencies": [
            "aws_vpc.custom-vpc"
          ],
          "create_before_destroy": true
        }
      ]
    },
    {
      "mode": "managed",
      "type": "aws_security_group",
      "name": "custom-instance-sg",
      "provider": "provider[\"registry.terraform.io/hashicorp/aws\"]",
      "instances": [
        {
          "schema_version": 1,
          "attributes": {
            "arn": "arn:aws:ec2:us-east-1:593698965881:security-group/sg-04b8fe5d76b2c5f38",
            "description": "Allow ssh inbound traffic",
            "egress": [
              {
                "cidr_blocks": [
                  "0.0.0.0/0"
                ],
                "description": "",
                "from_port": 0,
                "ipv6_cidr_blocks": [],
                "prefix_list_ids": [],
                "protocol": "-1",
                "security_groups": [],
                "self": false,
                "to_port": 0
              }
            ],
            "id": "sg-04b8fe5d76b2c5f38",
            "ingress": [
              {
                "cidr_blocks": [
                  "0.0.0.0/0"
                ],
                "description": "ssh from VPC",
                "from_port": 22,
                "ipv6_cidr_blocks": [],
                "prefix_list_ids": [],
                "protocol": "tcp",
                "security_groups": [],
                "self": false,
                "to_port": 22
              },
              {
                "cidr_blocks": [
                  "0.0.0.0/0"
                ],
                "description": "ssh from VPC",
                "from_port": 3000,
                "ipv6_cidr_blocks": [],
                "prefix_list_ids": [],
                "protocol": "tcp",
                "security_groups": [],
                "self": false,
                "to_port": 3000
              },
              {
                "cidr_blocks": [],
                "description": "ssh from VPC",
                "from_port": 80,
                "ipv6_cidr_blocks": [],
                "prefix_list_ids": [],
                "protocol": "tcp",
                "security_groups": [
                  "sg-018bb2af575ddfabc"
                ],
                "self": false,
                "to_port": 80
              }
            ],
            "name": "custom-instance-sg",
            "name_prefix": "",
            "owner_id": "593698965881",
            "revoke_rules_on_delete": false,
            "tags": {
              "Name": "custom-instance-sg"
            },
            "tags_all": {
              "Name": "custom-instance-sg"
            },
            "timeouts": null,
            "vpc_id": "vpc-0181e8f13ba5ac74f"
          },
          "sensitive_attributes": [],
          "private": "eyJlMmJmYjczMC1lY2FhLTExZTYtOGY4OC0zNDM2M2JjN2M0YzAiOnsiY3JlYXRlIjo2MDAwMDAwMDAwMDAsImRlbGV0ZSI6OTAwMDAwMDAwMDAwfSwic2NoZW1hX3ZlcnNpb24iOiIxIn0=",
          "dependencies": [
            "aws_security_group.custom-elb-sg",
            "aws_vpc.custom-vpc"
          ],
          "create_before_destroy": true
        }
      ]
    },
    {
      "mode": "managed",
      "type": "aws_security_group_rule",
      "name": "http-connection",
      "provider": "provider[\"registry.terraform.io/hashicorp/aws\"]",
      "instances": [
        {
          "schema_version": 2,
          "attributes": {
            "cidr_blocks": [
              "0.0.0.0/0"
            ],
            "description": "",
            "from_port": 0,
            "id": "sgrule-1272796059",
            "ipv6_cidr_blocks": [],
            "prefix_list_ids": [],
            "protocol": "tcp",
            "security_group_id": "sg-cd9a44ca",
            "self": false,
            "source_security_group_id": null,
            "to_port": 65535,
            "type": "ingress"
          },
          "sensitive_attributes": [],
          "private": "eyJzY2hlbWFfdmVyc2lvbiI6IjIifQ=="
        }
      ]
    },
    {
      "mode": "managed",
      "type": "aws_security_group_rule",
      "name": "ssh-connection",
      "provider": "provider[\"registry.terraform.io/hashicorp/aws\"]",
      "instances": [
        {
          "schema_version": 2,
          "attributes": {
            "cidr_blocks": [
              "0.0.0.0/0"
            ],
            "description": "",
            "from_port": 22,
            "id": "sgrule-4097257684",
            "ipv6_cidr_blocks": [],
            "prefix_list_ids": [],
            "protocol": "tcp",
            "security_group_id": "sg-cd9a44ca",
            "self": false,
            "source_security_group_id": null,
            "to_port": 22,
            "type": "ingress"
          },
          "sensitive_attributes": [],
          "private": "eyJzY2hlbWFfdmVyc2lvbiI6IjIifQ=="
        }
      ]
    },
    {
      "mode": "managed",
      "type": "aws_subnet",
      "name": "customvpc-public-1",
      "provider": "provider[\"registry.terraform.io/hashicorp/aws\"]",
      "instances": [
        {
          "schema_version": 1,
          "attributes": {
            "arn": "arn:aws:ec2:us-east-1:593698965881:subnet/subnet-006255ae4d07ae14f",
            "assign_ipv6_address_on_creation": false,
            "availability_zone": "us-east-1b",
            "availability_zone_id": "use1-az4",
            "cidr_block": "10.0.2.0/24",
            "customer_owned_ipv4_pool": "",
            "id": "subnet-006255ae4d07ae14f",
            "ipv6_cidr_block": "",
            "ipv6_cidr_block_association_id": "",
            "map_customer_owned_ip_on_launch": false,
            "map_public_ip_on_launch": true,
            "outpost_arn": "",
            "owner_id": "593698965881",
            "tags": {
              "Name": "customvpc-public-1"
            },
            "tags_all": {
              "Name": "customvpc-public-1"
            },
            "timeouts": null,
            "vpc_id": "vpc-0181e8f13ba5ac74f"
          },
          "sensitive_attributes": [],
          "private": "eyJlMmJmYjczMC1lY2FhLTExZTYtOGY4OC0zNDM2M2JjN2M0YzAiOnsiY3JlYXRlIjo2MDAwMDAwMDAwMDAsImRlbGV0ZSI6MTIwMDAwMDAwMDAwMH0sInNjaGVtYV92ZXJzaW9uIjoiMSJ9",
          "dependencies": [
            "aws_vpc.custom-vpc"
          ]
        }
      ]
    },
    {
      "mode": "managed",
      "type": "aws_subnet",
      "name": "customvpc-public-2",
      "provider": "provider[\"registry.terraform.io/hashicorp/aws\"]",
      "instances": [
        {
          "schema_version": 1,
          "attributes": {
            "arn": "arn:aws:ec2:us-east-1:593698965881:subnet/subnet-0ea9cfa0d09214cc1",
            "assign_ipv6_address_on_creation": false,
            "availability_zone": "us-east-1c",
            "availability_zone_id": "use1-az6",
            "cidr_block": "10.0.3.0/24",
            "customer_owned_ipv4_pool": "",
            "id": "subnet-0ea9cfa0d09214cc1",
            "ipv6_cidr_block": "",
            "ipv6_cidr_block_association_id": "",
            "map_customer_owned_ip_on_launch": false,
            "map_public_ip_on_launch": true,
            "outpost_arn": "",
            "owner_id": "593698965881",
            "tags": {
              "Name": "customvpc-public-2"
            },
            "tags_all": {
              "Name": "customvpc-public-2"
            },
            "timeouts": null,
            "vpc_id": "vpc-0181e8f13ba5ac74f"
          },
          "sensitive_attributes": [],
          "private": "eyJlMmJmYjczMC1lY2FhLTExZTYtOGY4OC0zNDM2M2JjN2M0YzAiOnsiY3JlYXRlIjo2MDAwMDAwMDAwMDAsImRlbGV0ZSI6MTIwMDAwMDAwMDAwMH0sInNjaGVtYV92ZXJzaW9uIjoiMSJ9",
          "dependencies": [
            "aws_vpc.custom-vpc"
          ]
        }
      ]
    },
    {
      "mode": "managed",
      "type": "aws_vpc",
      "name": "custom-vpc",
      "provider": "provider[\"registry.terraform.io/hashicorp/aws\"]",
      "instances": [
        {
          "schema_version": 1,
          "attributes": {
            "arn": "arn:aws:ec2:us-east-1:593698965881:vpc/vpc-0181e8f13ba5ac74f",
            "assign_generated_ipv6_cidr_block": false,
            "cidr_block": "10.0.0.0/16",
            "default_network_acl_id": "acl-0723ef5c43ab37578",
            "default_route_table_id": "rtb-074b38832ee5c1107",
            "default_security_group_id": "sg-09c111fb7d17cdb4b",
            "dhcp_options_id": "dopt-1752636d",
            "enable_classiclink": true,
            "enable_classiclink_dns_support": false,
            "enable_dns_hostnames": true,
            "enable_dns_support": true,
            "id": "vpc-0181e8f13ba5ac74f",
            "instance_tenancy": "default",
            "ipv6_association_id": "",
            "ipv6_cidr_block": "",
            "main_route_table_id": "rtb-074b38832ee5c1107",
            "owner_id": "593698965881",
            "tags": {
              "Name": "custom-vpc"
            },
            "tags_all": {
              "Name": "custom-vpc"
            }
          },
          "sensitive_attributes": [],
          "private": "eyJzY2hlbWFfdmVyc2lvbiI6IjEifQ==",
          "create_before_destroy": true
        }
      ]
    }
  ]
}
